
Microsoft Visual Studio Solution File, Format Version 12.00
# Visual Studio Version 17
VisualStudioVersion = 17.10.34928.147
MinimumVisualStudioVersion = 10.0.40219.1
Project("{FAE04EC0-301F-11D3-BF4B-00C04F79EFBC}") = "Test1", "Test1\Test1.csproj", "{2886174A-E909-4BA9-87F3-DF866F4B3004}"
EndProject
Global
	GlobalSection(SolutionConfigurationPlatforms) = preSolution
		Debug|Any CPU = Debug|Any CPU
		Release|Any CPU = Release|Any CPU
	EndGlobalSection
	GlobalSection(ProjectConfigurationPlatforms) = postSolution
		{2886174A-E909-4BA9-87F3-DF866F4B3004}.Debug|Any CPU.ActiveCfg = Debug|Any CPU
		{2886174A-E909-4BA9-87F3-DF866F4B3004}.Debug|Any CPU.Build.0 = Debug|Any CPU
		{2886174A-E909-4BA9-87F3-DF866F4B3004}.Release|Any CPU.ActiveCfg = Release|Any CPU
		{2886174A-E909-4BA9-87F3-DF866F4B3004}.Release|Any CPU.Build.0 = Release|Any CPU
	EndGlobalSection
	GlobalSection(SolutionProperties) = preSolution
		HideSolutionNode = FALSE
	EndGlobalSection
	GlobalSection(ExtensibilityGlobals) = postSolution
		SolutionGuid = {ABA3E134-8FAC-4439-AF46-A1D0497C645A}
	EndGlobalSection
EndGlobal
