
Microsoft Visual Studio Solution File, Format Version 12.00
# Visual Studio Version 17
VisualStudioVersion = 17.10.35013.160
MinimumVisualStudioVersion = 10.0.40219.1
Project("{FAE04EC0-301F-11D3-BF4B-00C04F79EFBC}") = "TmdLesson12", "TmdLesson12\TmdLesson12.csproj", "{271943E1-EA41-498F-85E2-51A26CACEAB6}"
EndProject
Global
	GlobalSection(SolutionConfigurationPlatforms) = preSolution
		Debug|Any CPU = Debug|Any CPU
		Release|Any CPU = Release|Any CPU
	EndGlobalSection
	GlobalSection(ProjectConfigurationPlatforms) = postSolution
		{271943E1-EA41-498F-85E2-51A26CACEAB6}.Debug|Any CPU.ActiveCfg = Debug|Any CPU
		{271943E1-EA41-498F-85E2-51A26CACEAB6}.Debug|Any CPU.Build.0 = Debug|Any CPU
		{271943E1-EA41-498F-85E2-51A26CACEAB6}.Release|Any CPU.ActiveCfg = Release|Any CPU
		{271943E1-EA41-498F-85E2-51A26CACEAB6}.Release|Any CPU.Build.0 = Release|Any CPU
	EndGlobalSection
	GlobalSection(SolutionProperties) = preSolution
		HideSolutionNode = FALSE
	EndGlobalSection
	GlobalSection(ExtensibilityGlobals) = postSolution
		SolutionGuid = {89A7BE58-37BA-4FFB-A01B-3B0C086073A2}
	EndGlobalSection
EndGlobal
