
Microsoft Visual Studio Solution File, Format Version 12.00
# Visual Studio Version 17
VisualStudioVersion = 17.9.34723.18
MinimumVisualStudioVersion = 10.0.40219.1
Project("{FAE04EC0-301F-11D3-BF4B-00C04F79EFBC}") = "TmdLesson06CF", "TmdLesson06CF\TmdLesson06CF.csproj", "{CE8FC988-C14B-439D-8CB5-83E081BEB2DC}"
EndProject
Global
	GlobalSection(SolutionConfigurationPlatforms) = preSolution
		Debug|Any CPU = Debug|Any CPU
		Release|Any CPU = Release|Any CPU
	EndGlobalSection
	GlobalSection(ProjectConfigurationPlatforms) = postSolution
		{CE8FC988-C14B-439D-8CB5-83E081BEB2DC}.Debug|Any CPU.ActiveCfg = Debug|Any CPU
		{CE8FC988-C14B-439D-8CB5-83E081BEB2DC}.Debug|Any CPU.Build.0 = Debug|Any CPU
		{CE8FC988-C14B-439D-8CB5-83E081BEB2DC}.Release|Any CPU.ActiveCfg = Release|Any CPU
		{CE8FC988-C14B-439D-8CB5-83E081BEB2DC}.Release|Any CPU.Build.0 = Release|Any CPU
	EndGlobalSection
	GlobalSection(SolutionProperties) = preSolution
		HideSolutionNode = FALSE
	EndGlobalSection
	GlobalSection(ExtensibilityGlobals) = postSolution
		SolutionGuid = {13228A99-8911-4573-BE07-B5406AFA1598}
	EndGlobalSection
EndGlobal
