
Microsoft Visual Studio Solution File, Format Version 12.00
# Visual Studio Version 17
VisualStudioVersion = 17.9.34723.18
MinimumVisualStudioVersion = 10.0.40219.1
Project("{FAE04EC0-301F-11D3-BF4B-00C04F79EFBC}") = "#Lesson05 - Model in AspNet MVC 5_TMD", "#Lesson05 - Model in AspNet MVC 5_TMD\#Lesson05 - Model in AspNet MVC 5_TMD.csproj", "{FD7EC786-C164-4A0E-B70A-E881E7638084}"
EndProject
Global
	GlobalSection(SolutionConfigurationPlatforms) = preSolution
		Debug|Any CPU = Debug|Any CPU
		Release|Any CPU = Release|Any CPU
	EndGlobalSection
	GlobalSection(ProjectConfigurationPlatforms) = postSolution
		{FD7EC786-C164-4A0E-B70A-E881E7638084}.Debug|Any CPU.ActiveCfg = Debug|Any CPU
		{FD7EC786-C164-4A0E-B70A-E881E7638084}.Debug|Any CPU.Build.0 = Debug|Any CPU
		{FD7EC786-C164-4A0E-B70A-E881E7638084}.Release|Any CPU.ActiveCfg = Release|Any CPU
		{FD7EC786-C164-4A0E-B70A-E881E7638084}.Release|Any CPU.Build.0 = Release|Any CPU
	EndGlobalSection
	GlobalSection(SolutionProperties) = preSolution
		HideSolutionNode = FALSE
	EndGlobalSection
	GlobalSection(ExtensibilityGlobals) = postSolution
		SolutionGuid = {665096FB-0503-4556-B3C1-50C98C66D693}
	EndGlobalSection
EndGlobal
